
Microsoft Visual Studio Solution File, Format Version 12.00
# Visual Studio Version 16
VisualStudioVersion = 16.0.30204.135
MinimumVisualStudioVersion = 10.0.40219.1
Project("{FAE04EC0-301F-11D3-BF4B-00C04F79EFBC}") = "LetsCodeApp", "LetsCodeApp.csproj", "{55A6D4EF-1F40-43EC-9805-9548CE273E0F}"
EndProject
Global
	GlobalSection(SolutionConfigurationPlatforms) = preSolution
		Debug|Any CPU = Debug|Any CPU
		Release|Any CPU = Release|Any CPU
	EndGlobalSection
	GlobalSection(ProjectConfigurationPlatforms) = postSolution
		{55A6D4EF-1F40-43EC-9805-9548CE273E0F}.Debug|Any CPU.ActiveCfg = Debug|Any CPU
		{55A6D4EF-1F40-43EC-9805-9548CE273E0F}.Debug|Any CPU.Build.0 = Debug|Any CPU
		{55A6D4EF-1F40-43EC-9805-9548CE273E0F}.Release|Any CPU.ActiveCfg = Release|Any CPU
		{55A6D4EF-1F40-43EC-9805-9548CE273E0F}.Release|Any CPU.Build.0 = Release|Any CPU
	EndGlobalSection
	GlobalSection(SolutionProperties) = preSolution
		HideSolutionNode = FALSE
	EndGlobalSection
	GlobalSection(ExtensibilityGlobals) = postSolution
		SolutionGuid = {0CC11FEE-B431-47D5-87C5-22C4CC194CA3}
	EndGlobalSection
EndGlobal
